
Microsoft Visual Studio Solution File, Format Version 12.00
# Visual Studio Version 16
VisualStudioVersion = 16.0.30621.155
MinimumVisualStudioVersion = 10.0.40219.1
Project("{FAE04EC0-301F-11D3-BF4B-00C04F79EFBC}") = "ProiectPbd", "ProiectPbd.csproj", "{7E207004-BD45-45A0-9DD2-03B7D6037C31}"
EndProject
Global
	GlobalSection(SolutionConfigurationPlatforms) = preSolution
		Debug|Any CPU = Debug|Any CPU
		Release|Any CPU = Release|Any CPU
	EndGlobalSection
	GlobalSection(ProjectConfigurationPlatforms) = postSolution
		{7E207004-BD45-45A0-9DD2-03B7D6037C31}.Debug|Any CPU.ActiveCfg = Debug|Any CPU
		{7E207004-BD45-45A0-9DD2-03B7D6037C31}.Debug|Any CPU.Build.0 = Debug|Any CPU
		{7E207004-BD45-45A0-9DD2-03B7D6037C31}.Release|Any CPU.ActiveCfg = Release|Any CPU
		{7E207004-BD45-45A0-9DD2-03B7D6037C31}.Release|Any CPU.Build.0 = Release|Any CPU
	EndGlobalSection
	GlobalSection(SolutionProperties) = preSolution
		HideSolutionNode = FALSE
	EndGlobalSection
	GlobalSection(ExtensibilityGlobals) = postSolution
		SolutionGuid = {AFFF17B6-30DE-4E79-99D0-B0D1504A2B32}
	EndGlobalSection
EndGlobal
